
Microsoft Visual Studio Solution File, Format Version 12.00
# Visual Studio Version 17
VisualStudioVersion = 17.14.36414.22 d17.14
MinimumVisualStudioVersion = 10.0.40219.1
Project("{FAE04EC0-301F-11D3-BF4B-00C04F79EFBC}") = "Test", "Test\Test.csproj", "{E55BC34F-53E3-44DD-BD4B-08F4A6499721}"
EndProject
Global
	GlobalSection(SolutionConfigurationPlatforms) = preSolution
		Debug|Any CPU = Debug|Any CPU
		Release|Any CPU = Release|Any CPU
	EndGlobalSection
	GlobalSection(ProjectConfigurationPlatforms) = postSolution
		{E55BC34F-53E3-44DD-BD4B-08F4A6499721}.Debug|Any CPU.ActiveCfg = Debug|Any CPU
		{E55BC34F-53E3-44DD-BD4B-08F4A6499721}.Debug|Any CPU.Build.0 = Debug|Any CPU
		{E55BC34F-53E3-44DD-BD4B-08F4A6499721}.Release|Any CPU.ActiveCfg = Release|Any CPU
		{E55BC34F-53E3-44DD-BD4B-08F4A6499721}.Release|Any CPU.Build.0 = Release|Any CPU
	EndGlobalSection
	GlobalSection(SolutionProperties) = preSolution
		HideSolutionNode = FALSE
	EndGlobalSection
	GlobalSection(ExtensibilityGlobals) = postSolution
		SolutionGuid = {75E2C942-2160-4BAC-8724-259261C55AA1}
	EndGlobalSection
EndGlobal
